
Microsoft Visual Studio Solution File, Format Version 12.00
Project("{FAE04EC0-301F-11D3-BF4B-00C04F79EFBC}") = "Server", "Server\Server.csproj", "{AF44325F-1C0D-466F-9FCA-9CBBEA84B947}"
EndProject
Project("{FAE04EC0-301F-11D3-BF4B-00C04F79EFBC}") = "Client", "Client\Client.csproj", "{055939FE-C62D-4D1E-9FBE-916310771A6E}"
EndProject
Global
	GlobalSection(SolutionConfigurationPlatforms) = preSolution
		Debug|Any CPU = Debug|Any CPU
		Release|Any CPU = Release|Any CPU
	EndGlobalSection
	GlobalSection(ProjectConfigurationPlatforms) = postSolution
		{AF44325F-1C0D-466F-9FCA-9CBBEA84B947}.Debug|Any CPU.ActiveCfg = Debug|Any CPU
		{AF44325F-1C0D-466F-9FCA-9CBBEA84B947}.Debug|Any CPU.Build.0 = Debug|Any CPU
		{AF44325F-1C0D-466F-9FCA-9CBBEA84B947}.Release|Any CPU.ActiveCfg = Release|Any CPU
		{AF44325F-1C0D-466F-9FCA-9CBBEA84B947}.Release|Any CPU.Build.0 = Release|Any CPU
		{055939FE-C62D-4D1E-9FBE-916310771A6E}.Debug|Any CPU.ActiveCfg = Debug|Any CPU
		{055939FE-C62D-4D1E-9FBE-916310771A6E}.Debug|Any CPU.Build.0 = Debug|Any CPU
		{055939FE-C62D-4D1E-9FBE-916310771A6E}.Release|Any CPU.ActiveCfg = Release|Any CPU
		{055939FE-C62D-4D1E-9FBE-916310771A6E}.Release|Any CPU.Build.0 = Release|Any CPU
	EndGlobalSection
EndGlobal
